# Code generated by scarb DO NOT EDIT.
version = 1

[[package]]
name = "openzeppelin"
version = "0.12.0"
source = "git+https://github.com/0xknwn/cairo-contracts?branch=feature%2Fadd-secp256r1-support#d200f34d831098b0da1f1f4863e5a361d7d1c012"

[[package]]
name = "smartr"
version = "0.1.9"
dependencies = [
 "openzeppelin",
 "snforge_std",
]

[[package]]
name = "snforge_std"
version = "0.22.0"
source = "git+https://github.com/foundry-rs/starknet-foundry?tag=v0.22.0#9b215944c6c5871c738381b4ded61bbf06e7ba35"
