# Code generated by scarb DO NOT EDIT.
version = 1

[[package]]
name = "openzeppelin"
version = "0.13.0"
source = "git+https://github.com/0xknwn/cairo-contracts?branch=feature%2Fadd-secp256r1-support#95e709b7211e700a0270a218b8f93d6408e686b2"

[[package]]
name = "smartr"
version = "0.1.10"
dependencies = [
 "openzeppelin",
 "snforge_std",
]

[[package]]
name = "snforge_std"
version = "0.24.0"
source = "git+https://github.com/foundry-rs/starknet-foundry?tag=v0.24.0#95e9fb09cb91b3c05295915179ee1b55bf923653"
